
Microsoft Visual Studio Solution File, Format Version 12.00
# Visual Studio Version 16
VisualStudioVersion = 16.0.30523.141
MinimumVisualStudioVersion = 10.0.40219.1
Project("{FAE04EC0-301F-11D3-BF4B-00C04F79EFBC}") = "ChatAPI", "ChatAPI\ChatAPI.csproj", "{28663316-9999-457C-BB83-2149B4E3064D}"
EndProject
Global
	GlobalSection(SolutionConfigurationPlatforms) = preSolution
		Debug|Any CPU = Debug|Any CPU
		Release|Any CPU = Release|Any CPU
	EndGlobalSection
	GlobalSection(ProjectConfigurationPlatforms) = postSolution
		{28663316-9999-457C-BB83-2149B4E3064D}.Debug|Any CPU.ActiveCfg = Debug|Any CPU
		{28663316-9999-457C-BB83-2149B4E3064D}.Debug|Any CPU.Build.0 = Debug|Any CPU
		{28663316-9999-457C-BB83-2149B4E3064D}.Release|Any CPU.ActiveCfg = Release|Any CPU
		{28663316-9999-457C-BB83-2149B4E3064D}.Release|Any CPU.Build.0 = Release|Any CPU
	EndGlobalSection
	GlobalSection(SolutionProperties) = preSolution
		HideSolutionNode = FALSE
	EndGlobalSection
	GlobalSection(ExtensibilityGlobals) = postSolution
		SolutionGuid = {E79EEE2D-A933-4FDF-8226-B512B562E8B8}
	EndGlobalSection
EndGlobal
